
Microsoft Visual Studio Solution File, Format Version 11.00
# Visual Studio 2010
Project("{FAE04EC0-301F-11D3-BF4B-00C04F79EFBC}") = "DepMon", "DepMon\DepMon.csproj", "{E6D3DDD8-F3A9-46D0-BB77-F6114F4CEA63}"
EndProject
Project("{FAE04EC0-301F-11D3-BF4B-00C04F79EFBC}") = "DepMon.Core", "DepMon.Core\DepMon.Core.csproj", "{D25659C4-776B-44DE-B458-5FF23667F6CA}"
EndProject
Project("{FAE04EC0-301F-11D3-BF4B-00C04F79EFBC}") = "DepMon.Provider.Mock", "DepMon.Provider.Mock\DepMon.Provider.Mock.csproj", "{29CFE3C9-669D-4B6C-BCE3-8998FD75B526}"
EndProject
Project("{FAE04EC0-301F-11D3-BF4B-00C04F79EFBC}") = "DepMon.ProviderManagement", "DepMon.ProviderManagement\DepMon.ProviderManagement.csproj", "{1013099A-97E2-4AC0-B4C4-41F7B3AAFD05}"
EndProject
Global
	GlobalSection(SolutionConfigurationPlatforms) = preSolution
		Debug|Any CPU = Debug|Any CPU
		Debug|Mixed Platforms = Debug|Mixed Platforms
		Debug|x86 = Debug|x86
		Release|Any CPU = Release|Any CPU
		Release|Mixed Platforms = Release|Mixed Platforms
		Release|x86 = Release|x86
	EndGlobalSection
	GlobalSection(ProjectConfigurationPlatforms) = postSolution
		{E6D3DDD8-F3A9-46D0-BB77-F6114F4CEA63}.Debug|Any CPU.ActiveCfg = Debug|x86
		{E6D3DDD8-F3A9-46D0-BB77-F6114F4CEA63}.Debug|Mixed Platforms.ActiveCfg = Debug|x86
		{E6D3DDD8-F3A9-46D0-BB77-F6114F4CEA63}.Debug|Mixed Platforms.Build.0 = Debug|x86
		{E6D3DDD8-F3A9-46D0-BB77-F6114F4CEA63}.Debug|x86.ActiveCfg = Debug|x86
		{E6D3DDD8-F3A9-46D0-BB77-F6114F4CEA63}.Debug|x86.Build.0 = Debug|x86
		{E6D3DDD8-F3A9-46D0-BB77-F6114F4CEA63}.Release|Any CPU.ActiveCfg = Release|x86
		{E6D3DDD8-F3A9-46D0-BB77-F6114F4CEA63}.Release|Mixed Platforms.ActiveCfg = Release|x86
		{E6D3DDD8-F3A9-46D0-BB77-F6114F4CEA63}.Release|Mixed Platforms.Build.0 = Release|x86
		{E6D3DDD8-F3A9-46D0-BB77-F6114F4CEA63}.Release|x86.ActiveCfg = Release|x86
		{E6D3DDD8-F3A9-46D0-BB77-F6114F4CEA63}.Release|x86.Build.0 = Release|x86
		{D25659C4-776B-44DE-B458-5FF23667F6CA}.Debug|Any CPU.ActiveCfg = Debug|Any CPU
		{D25659C4-776B-44DE-B458-5FF23667F6CA}.Debug|Any CPU.Build.0 = Debug|Any CPU
		{D25659C4-776B-44DE-B458-5FF23667F6CA}.Debug|Mixed Platforms.ActiveCfg = Debug|Any CPU
		{D25659C4-776B-44DE-B458-5FF23667F6CA}.Debug|Mixed Platforms.Build.0 = Debug|Any CPU
		{D25659C4-776B-44DE-B458-5FF23667F6CA}.Debug|x86.ActiveCfg = Debug|Any CPU
		{D25659C4-776B-44DE-B458-5FF23667F6CA}.Release|Any CPU.ActiveCfg = Release|Any CPU
		{D25659C4-776B-44DE-B458-5FF23667F6CA}.Release|Any CPU.Build.0 = Release|Any CPU
		{D25659C4-776B-44DE-B458-5FF23667F6CA}.Release|Mixed Platforms.ActiveCfg = Release|Any CPU
		{D25659C4-776B-44DE-B458-5FF23667F6CA}.Release|Mixed Platforms.Build.0 = Release|Any CPU
		{D25659C4-776B-44DE-B458-5FF23667F6CA}.Release|x86.ActiveCfg = Release|Any CPU
		{29CFE3C9-669D-4B6C-BCE3-8998FD75B526}.Debug|Any CPU.ActiveCfg = Debug|Any CPU
		{29CFE3C9-669D-4B6C-BCE3-8998FD75B526}.Debug|Any CPU.Build.0 = Debug|Any CPU
		{29CFE3C9-669D-4B6C-BCE3-8998FD75B526}.Debug|Mixed Platforms.ActiveCfg = Debug|Any CPU
		{29CFE3C9-669D-4B6C-BCE3-8998FD75B526}.Debug|Mixed Platforms.Build.0 = Debug|Any CPU
		{29CFE3C9-669D-4B6C-BCE3-8998FD75B526}.Debug|x86.ActiveCfg = Debug|Any CPU
		{29CFE3C9-669D-4B6C-BCE3-8998FD75B526}.Release|Any CPU.ActiveCfg = Release|Any CPU
		{29CFE3C9-669D-4B6C-BCE3-8998FD75B526}.Release|Any CPU.Build.0 = Release|Any CPU
		{29CFE3C9-669D-4B6C-BCE3-8998FD75B526}.Release|Mixed Platforms.ActiveCfg = Release|Any CPU
		{29CFE3C9-669D-4B6C-BCE3-8998FD75B526}.Release|Mixed Platforms.Build.0 = Release|Any CPU
		{29CFE3C9-669D-4B6C-BCE3-8998FD75B526}.Release|x86.ActiveCfg = Release|Any CPU
		{1013099A-97E2-4AC0-B4C4-41F7B3AAFD05}.Debug|Any CPU.ActiveCfg = Debug|Any CPU
		{1013099A-97E2-4AC0-B4C4-41F7B3AAFD05}.Debug|Any CPU.Build.0 = Debug|Any CPU
		{1013099A-97E2-4AC0-B4C4-41F7B3AAFD05}.Debug|Mixed Platforms.ActiveCfg = Debug|Any CPU
		{1013099A-97E2-4AC0-B4C4-41F7B3AAFD05}.Debug|Mixed Platforms.Build.0 = Debug|Any CPU
		{1013099A-97E2-4AC0-B4C4-41F7B3AAFD05}.Debug|x86.ActiveCfg = Debug|Any CPU
		{1013099A-97E2-4AC0-B4C4-41F7B3AAFD05}.Release|Any CPU.ActiveCfg = Release|Any CPU
		{1013099A-97E2-4AC0-B4C4-41F7B3AAFD05}.Release|Any CPU.Build.0 = Release|Any CPU
		{1013099A-97E2-4AC0-B4C4-41F7B3AAFD05}.Release|Mixed Platforms.ActiveCfg = Release|Any CPU
		{1013099A-97E2-4AC0-B4C4-41F7B3AAFD05}.Release|Mixed Platforms.Build.0 = Release|Any CPU
		{1013099A-97E2-4AC0-B4C4-41F7B3AAFD05}.Release|x86.ActiveCfg = Release|Any CPU
	EndGlobalSection
	GlobalSection(SolutionProperties) = preSolution
		HideSolutionNode = FALSE
	EndGlobalSection
EndGlobal
